
Microsoft Visual Studio Solution File, Format Version 12.00
# Visual Studio for Mac
Project("{FAE04EC0-301F-11D3-BF4B-00C04F79EFBC}") = "Assembly-CSharp", "Assembly-CSharp.csproj", "{3559A2B6-AB5A-68CC-9B13-690E8B677971}"
EndProject
Project("{FAE04EC0-301F-11D3-BF4B-00C04F79EFBC}") = "Assembly-CSharp-firstpass", "Assembly-CSharp-firstpass.csproj", "{3A23A5A8-8719-1E85-2411-85EBF13F6642}"
EndProject
Project("{FAE04EC0-301F-11D3-BF4B-00C04F79EFBC}") = "Assembly-CSharp-Editor-firstpass", "Assembly-CSharp-Editor-firstpass.csproj", "{2B984EA6-52C5-E38C-EF39-2612C7392ED5}"
EndProject
Global
	GlobalSection(SolutionConfigurationPlatforms) = preSolution
		Debug|Any CPU = Debug|Any CPU
		Release|Any CPU = Release|Any CPU
	EndGlobalSection
	GlobalSection(ProjectConfigurationPlatforms) = postSolution
		{3559A2B6-AB5A-68CC-9B13-690E8B677971}.Debug|Any CPU.ActiveCfg = Debug|Any CPU
		{3559A2B6-AB5A-68CC-9B13-690E8B677971}.Debug|Any CPU.Build.0 = Debug|Any CPU
		{3559A2B6-AB5A-68CC-9B13-690E8B677971}.Release|Any CPU.ActiveCfg = Release|Any CPU
		{3559A2B6-AB5A-68CC-9B13-690E8B677971}.Release|Any CPU.Build.0 = Release|Any CPU
		{3A23A5A8-8719-1E85-2411-85EBF13F6642}.Debug|Any CPU.ActiveCfg = Debug|Any CPU
		{3A23A5A8-8719-1E85-2411-85EBF13F6642}.Debug|Any CPU.Build.0 = Debug|Any CPU
		{3A23A5A8-8719-1E85-2411-85EBF13F6642}.Release|Any CPU.ActiveCfg = Release|Any CPU
		{3A23A5A8-8719-1E85-2411-85EBF13F6642}.Release|Any CPU.Build.0 = Release|Any CPU
		{2B984EA6-52C5-E38C-EF39-2612C7392ED5}.Debug|Any CPU.ActiveCfg = Debug|Any CPU
		{2B984EA6-52C5-E38C-EF39-2612C7392ED5}.Debug|Any CPU.Build.0 = Debug|Any CPU
		{2B984EA6-52C5-E38C-EF39-2612C7392ED5}.Release|Any CPU.ActiveCfg = Release|Any CPU
		{2B984EA6-52C5-E38C-EF39-2612C7392ED5}.Release|Any CPU.Build.0 = Release|Any CPU
	EndGlobalSection
	GlobalSection(SolutionProperties) = preSolution
		HideSolutionNode = FALSE
	EndGlobalSection
EndGlobal
